
Microsoft Visual Studio Solution File, Format Version 12.00
# Visual Studio 15
VisualStudioVersion = 15.0.28010.2003
MinimumVisualStudioVersion = 10.0.40219.1
Project("{FAE04EC0-301F-11D3-BF4B-00C04F79EFBC}") = "fk", "fk\fk.csproj", "{10B162A1-B3C0-4968-83EB-6A4C4E4646F6}"
EndProject
Project("{FAE04EC0-301F-11D3-BF4B-00C04F79EFBC}") = "fkTests", "fkTests\fkTests.csproj", "{3CF680CB-08EE-47F1-89C1-5416D3C3BEF4}"
EndProject
Global
	GlobalSection(SolutionConfigurationPlatforms) = preSolution
		Debug|Any CPU = Debug|Any CPU
		Release|Any CPU = Release|Any CPU
	EndGlobalSection
	GlobalSection(ProjectConfigurationPlatforms) = postSolution
		{10B162A1-B3C0-4968-83EB-6A4C4E4646F6}.Debug|Any CPU.ActiveCfg = Debug|Any CPU
		{10B162A1-B3C0-4968-83EB-6A4C4E4646F6}.Debug|Any CPU.Build.0 = Debug|Any CPU
		{10B162A1-B3C0-4968-83EB-6A4C4E4646F6}.Release|Any CPU.ActiveCfg = Release|Any CPU
		{10B162A1-B3C0-4968-83EB-6A4C4E4646F6}.Release|Any CPU.Build.0 = Release|Any CPU
		{3CF680CB-08EE-47F1-89C1-5416D3C3BEF4}.Debug|Any CPU.ActiveCfg = Debug|Any CPU
		{3CF680CB-08EE-47F1-89C1-5416D3C3BEF4}.Debug|Any CPU.Build.0 = Debug|Any CPU
		{3CF680CB-08EE-47F1-89C1-5416D3C3BEF4}.Release|Any CPU.ActiveCfg = Release|Any CPU
		{3CF680CB-08EE-47F1-89C1-5416D3C3BEF4}.Release|Any CPU.Build.0 = Release|Any CPU
	EndGlobalSection
	GlobalSection(SolutionProperties) = preSolution
		HideSolutionNode = FALSE
	EndGlobalSection
	GlobalSection(ExtensibilityGlobals) = postSolution
		SolutionGuid = {41FE9BE4-DB8F-428B-9701-3ABB45555AEB}
	EndGlobalSection
EndGlobal
